
Microsoft Visual Studio Solution File, Format Version 12.00
# Visual Studio Version 16
VisualStudioVersion = 16.0.30225.117
MinimumVisualStudioVersion = 10.0.40219.1
Project("{FAE04EC0-301F-11D3-BF4B-00C04F79EFBC}") = "Snake", "Snake.csproj", "{34E8EE12-BE17-4319-8A6F-C4E16A004A42}"
EndProject
Global
	GlobalSection(SolutionConfigurationPlatforms) = preSolution
		Debug|Any CPU = Debug|Any CPU
		Release|Any CPU = Release|Any CPU
	EndGlobalSection
	GlobalSection(ProjectConfigurationPlatforms) = postSolution
		{34E8EE12-BE17-4319-8A6F-C4E16A004A42}.Debug|Any CPU.ActiveCfg = Debug|Any CPU
		{34E8EE12-BE17-4319-8A6F-C4E16A004A42}.Debug|Any CPU.Build.0 = Debug|Any CPU
		{34E8EE12-BE17-4319-8A6F-C4E16A004A42}.Release|Any CPU.ActiveCfg = Release|Any CPU
		{34E8EE12-BE17-4319-8A6F-C4E16A004A42}.Release|Any CPU.Build.0 = Release|Any CPU
	EndGlobalSection
	GlobalSection(SolutionProperties) = preSolution
		HideSolutionNode = FALSE
	EndGlobalSection
	GlobalSection(ExtensibilityGlobals) = postSolution
		SolutionGuid = {59054F48-9D32-43AF-B889-927055FCEF2D}
	EndGlobalSection
EndGlobal
